
Microsoft Visual Studio Solution File, Format Version 12.00
# Visual Studio Version 16
VisualStudioVersion = 16.0.29102.190
MinimumVisualStudioVersion = 10.0.40219.1
Project("{2150E333-8FDC-42A3-9474-1A3956D46DE8}") = "Domain", "Domain", "{4F944DCD-166A-4FD1-8E1A-A7CB43A45980}"
EndProject
Project("{2150E333-8FDC-42A3-9474-1A3956D46DE8}") = "Presentation", "Presentation", "{E32242B7-64CC-409B-85EF-310038AE8286}"
EndProject
Project("{2150E333-8FDC-42A3-9474-1A3956D46DE8}") = "Infra.Bus", "Infra.Bus", "{9839A534-0A0A-4324-AA5F-71907AF381B1}"
EndProject
Project("{2150E333-8FDC-42A3-9474-1A3956D46DE8}") = "Infra.IoC", "Infra.IoC", "{AA2AEB85-9739-4AEC-85D2-79C23E8996A0}"
EndProject
Project("{2150E333-8FDC-42A3-9474-1A3956D46DE8}") = "Microservices", "Microservices", "{FD5AD131-D29A-4D55-805B-98074EFC173C}"
EndProject
Project("{9A19103F-16F7-4668-BE54-9A1E7A4F7556}") = "MicroRabbit.Domain.Core", "MicroRabbit.Domain.Core\MicroRabbit.Domain.Core.csproj", "{62C87B20-AA93-4C33-9110-5FF5904D90EE}"
EndProject
Project("{9A19103F-16F7-4668-BE54-9A1E7A4F7556}") = "MicroRabbit.Infra.Bus", "MicroRabbit.Infra.Bus\MicroRabbit.Infra.Bus.csproj", "{B7791C3B-78C6-4990-B54A-2C9D22CED466}"
EndProject
Project("{9A19103F-16F7-4668-BE54-9A1E7A4F7556}") = "MicroRabbit.Infra.IoC", "MicroRabbit.Infra.IoC\MicroRabbit.Infra.IoC.csproj", "{8785EA48-5E9E-4444-AFE5-17F905FEC5E2}"
EndProject
Project("{2150E333-8FDC-42A3-9474-1A3956D46DE8}") = "Banking", "Banking", "{3626E86E-732A-4793-81E3-FBA68F3F5DE1}"
EndProject
Project("{2150E333-8FDC-42A3-9474-1A3956D46DE8}") = "Api", "Api", "{EE301308-8B88-4E00-903D-6DFE15E768BC}"
EndProject
Project("{2150E333-8FDC-42A3-9474-1A3956D46DE8}") = "Domain", "Domain", "{7C0A0782-AC53-44B3-ACD5-88482C3E77DB}"
EndProject
Project("{2150E333-8FDC-42A3-9474-1A3956D46DE8}") = "Application", "Application", "{1D9ADEC0-014B-40AB-A241-EF103CC0085C}"
EndProject
Project("{2150E333-8FDC-42A3-9474-1A3956D46DE8}") = "Data", "Data", "{C213AF87-19F5-4B83-81DC-5E9570B74C9E}"
EndProject
Project("{9A19103F-16F7-4668-BE54-9A1E7A4F7556}") = "MicroRabbit.Banking.Api", "MicroRabbit.Banking.Api\MicroRabbit.Banking.Api.csproj", "{4D817744-FC1E-4A3C-AE9A-986C85EB18F2}"
EndProject
Project("{9A19103F-16F7-4668-BE54-9A1E7A4F7556}") = "MicroRabbit.Banking.Application", "MicroRabbit.Banking.Application\MicroRabbit.Banking.Application.csproj", "{888DADC5-A751-4053-B12D-A2A51BFDA4E0}"
EndProject
Project("{9A19103F-16F7-4668-BE54-9A1E7A4F7556}") = "MicroRabbit.Banking.Data", "MicroRabbit.Banking.Data\MicroRabbit.Banking.Data.csproj", "{E017F097-0C9F-4E21-9BDC-DE99BCA546C0}"
EndProject
Project("{9A19103F-16F7-4668-BE54-9A1E7A4F7556}") = "MicroRabbit.Banking.Domain", "MicroRabbit.Banking.Domain\MicroRabbit.Banking.Domain.csproj", "{D07E554B-A5EF-483C-A157-CD714BB91973}"
EndProject
Project("{2150E333-8FDC-42A3-9474-1A3956D46DE8}") = "Transfer", "Transfer", "{C5CCBA62-46AF-4CCE-B029-D418C2AA15D7}"
EndProject
Project("{2150E333-8FDC-42A3-9474-1A3956D46DE8}") = "Api", "Api", "{3F68AD57-1867-45CF-ADB2-C6CB8A00ADEE}"
EndProject
Project("{2150E333-8FDC-42A3-9474-1A3956D46DE8}") = "Application", "Application", "{7965C096-D5C1-48DE-A78B-A1B0A96ACFE9}"
EndProject
Project("{2150E333-8FDC-42A3-9474-1A3956D46DE8}") = "Data", "Data", "{D0488E60-C1D0-4AA5-90C0-FB2A4D16DAC6}"
EndProject
Project("{2150E333-8FDC-42A3-9474-1A3956D46DE8}") = "Domain", "Domain", "{1DFE9F02-8923-4EF1-BDC7-C3B88D10748F}"
EndProject
Project("{FAE04EC0-301F-11D3-BF4B-00C04F79EFBC}") = "MicroRabbit.Transfer.Api", "MicroRabbit.Transfer.Api\MicroRabbit.Transfer.Api.csproj", "{117D78B7-4934-445F-8AE8-FD8CEDF8CA10}"
EndProject
Project("{FAE04EC0-301F-11D3-BF4B-00C04F79EFBC}") = "MicroRabbit.Transfer.Application", "MicroRabbit.Transfer.Application\MicroRabbit.Transfer.Application.csproj", "{230431FB-E7C0-46D1-A2D1-B9D301C18263}"
EndProject
Project("{FAE04EC0-301F-11D3-BF4B-00C04F79EFBC}") = "MicroRabbit.Transfer.Domain", "MicroRabbit.Transfer.Domain\MicroRabbit.Transfer.Domain.csproj", "{77DD479A-026E-4C72-B2FA-E9D9077ECF23}"
EndProject
Project("{FAE04EC0-301F-11D3-BF4B-00C04F79EFBC}") = "MicroRabbit.Transfer.Data", "MicroRabbit.Transfer.Data\MicroRabbit.Transfer.Data.csproj", "{3361EFE6-0A1A-4849-A022-3E37D81F604D}"
EndProject
Global
	GlobalSection(SolutionConfigurationPlatforms) = preSolution
		Debug|Any CPU = Debug|Any CPU
		Release|Any CPU = Release|Any CPU
	EndGlobalSection
	GlobalSection(ProjectConfigurationPlatforms) = postSolution
		{62C87B20-AA93-4C33-9110-5FF5904D90EE}.Debug|Any CPU.ActiveCfg = Debug|Any CPU
		{62C87B20-AA93-4C33-9110-5FF5904D90EE}.Debug|Any CPU.Build.0 = Debug|Any CPU
		{62C87B20-AA93-4C33-9110-5FF5904D90EE}.Release|Any CPU.ActiveCfg = Release|Any CPU
		{62C87B20-AA93-4C33-9110-5FF5904D90EE}.Release|Any CPU.Build.0 = Release|Any CPU
		{B7791C3B-78C6-4990-B54A-2C9D22CED466}.Debug|Any CPU.ActiveCfg = Debug|Any CPU
		{B7791C3B-78C6-4990-B54A-2C9D22CED466}.Debug|Any CPU.Build.0 = Debug|Any CPU
		{B7791C3B-78C6-4990-B54A-2C9D22CED466}.Release|Any CPU.ActiveCfg = Release|Any CPU
		{B7791C3B-78C6-4990-B54A-2C9D22CED466}.Release|Any CPU.Build.0 = Release|Any CPU
		{8785EA48-5E9E-4444-AFE5-17F905FEC5E2}.Debug|Any CPU.ActiveCfg = Debug|Any CPU
		{8785EA48-5E9E-4444-AFE5-17F905FEC5E2}.Debug|Any CPU.Build.0 = Debug|Any CPU
		{8785EA48-5E9E-4444-AFE5-17F905FEC5E2}.Release|Any CPU.ActiveCfg = Release|Any CPU
		{8785EA48-5E9E-4444-AFE5-17F905FEC5E2}.Release|Any CPU.Build.0 = Release|Any CPU
		{4D817744-FC1E-4A3C-AE9A-986C85EB18F2}.Debug|Any CPU.ActiveCfg = Debug|Any CPU
		{4D817744-FC1E-4A3C-AE9A-986C85EB18F2}.Debug|Any CPU.Build.0 = Debug|Any CPU
		{4D817744-FC1E-4A3C-AE9A-986C85EB18F2}.Release|Any CPU.ActiveCfg = Release|Any CPU
		{4D817744-FC1E-4A3C-AE9A-986C85EB18F2}.Release|Any CPU.Build.0 = Release|Any CPU
		{888DADC5-A751-4053-B12D-A2A51BFDA4E0}.Debug|Any CPU.ActiveCfg = Debug|Any CPU
		{888DADC5-A751-4053-B12D-A2A51BFDA4E0}.Debug|Any CPU.Build.0 = Debug|Any CPU
		{888DADC5-A751-4053-B12D-A2A51BFDA4E0}.Release|Any CPU.ActiveCfg = Release|Any CPU
		{888DADC5-A751-4053-B12D-A2A51BFDA4E0}.Release|Any CPU.Build.0 = Release|Any CPU
		{E017F097-0C9F-4E21-9BDC-DE99BCA546C0}.Debug|Any CPU.ActiveCfg = Debug|Any CPU
		{E017F097-0C9F-4E21-9BDC-DE99BCA546C0}.Debug|Any CPU.Build.0 = Debug|Any CPU
		{E017F097-0C9F-4E21-9BDC-DE99BCA546C0}.Release|Any CPU.ActiveCfg = Release|Any CPU
		{E017F097-0C9F-4E21-9BDC-DE99BCA546C0}.Release|Any CPU.Build.0 = Release|Any CPU
		{D07E554B-A5EF-483C-A157-CD714BB91973}.Debug|Any CPU.ActiveCfg = Debug|Any CPU
		{D07E554B-A5EF-483C-A157-CD714BB91973}.Debug|Any CPU.Build.0 = Debug|Any CPU
		{D07E554B-A5EF-483C-A157-CD714BB91973}.Release|Any CPU.ActiveCfg = Release|Any CPU
		{D07E554B-A5EF-483C-A157-CD714BB91973}.Release|Any CPU.Build.0 = Release|Any CPU
		{117D78B7-4934-445F-8AE8-FD8CEDF8CA10}.Debug|Any CPU.ActiveCfg = Debug|Any CPU
		{117D78B7-4934-445F-8AE8-FD8CEDF8CA10}.Debug|Any CPU.Build.0 = Debug|Any CPU
		{117D78B7-4934-445F-8AE8-FD8CEDF8CA10}.Release|Any CPU.ActiveCfg = Release|Any CPU
		{117D78B7-4934-445F-8AE8-FD8CEDF8CA10}.Release|Any CPU.Build.0 = Release|Any CPU
		{230431FB-E7C0-46D1-A2D1-B9D301C18263}.Debug|Any CPU.ActiveCfg = Debug|Any CPU
		{230431FB-E7C0-46D1-A2D1-B9D301C18263}.Debug|Any CPU.Build.0 = Debug|Any CPU
		{230431FB-E7C0-46D1-A2D1-B9D301C18263}.Release|Any CPU.ActiveCfg = Release|Any CPU
		{230431FB-E7C0-46D1-A2D1-B9D301C18263}.Release|Any CPU.Build.0 = Release|Any CPU
		{77DD479A-026E-4C72-B2FA-E9D9077ECF23}.Debug|Any CPU.ActiveCfg = Debug|Any CPU
		{77DD479A-026E-4C72-B2FA-E9D9077ECF23}.Debug|Any CPU.Build.0 = Debug|Any CPU
		{77DD479A-026E-4C72-B2FA-E9D9077ECF23}.Release|Any CPU.ActiveCfg = Release|Any CPU
		{77DD479A-026E-4C72-B2FA-E9D9077ECF23}.Release|Any CPU.Build.0 = Release|Any CPU
		{3361EFE6-0A1A-4849-A022-3E37D81F604D}.Debug|Any CPU.ActiveCfg = Debug|Any CPU
		{3361EFE6-0A1A-4849-A022-3E37D81F604D}.Debug|Any CPU.Build.0 = Debug|Any CPU
		{3361EFE6-0A1A-4849-A022-3E37D81F604D}.Release|Any CPU.ActiveCfg = Release|Any CPU
		{3361EFE6-0A1A-4849-A022-3E37D81F604D}.Release|Any CPU.Build.0 = Release|Any CPU
	EndGlobalSection
	GlobalSection(SolutionProperties) = preSolution
		HideSolutionNode = FALSE
	EndGlobalSection
	GlobalSection(NestedProjects) = preSolution
		{62C87B20-AA93-4C33-9110-5FF5904D90EE} = {4F944DCD-166A-4FD1-8E1A-A7CB43A45980}
		{B7791C3B-78C6-4990-B54A-2C9D22CED466} = {9839A534-0A0A-4324-AA5F-71907AF381B1}
		{8785EA48-5E9E-4444-AFE5-17F905FEC5E2} = {AA2AEB85-9739-4AEC-85D2-79C23E8996A0}
		{3626E86E-732A-4793-81E3-FBA68F3F5DE1} = {FD5AD131-D29A-4D55-805B-98074EFC173C}
		{EE301308-8B88-4E00-903D-6DFE15E768BC} = {3626E86E-732A-4793-81E3-FBA68F3F5DE1}
		{7C0A0782-AC53-44B3-ACD5-88482C3E77DB} = {3626E86E-732A-4793-81E3-FBA68F3F5DE1}
		{1D9ADEC0-014B-40AB-A241-EF103CC0085C} = {3626E86E-732A-4793-81E3-FBA68F3F5DE1}
		{C213AF87-19F5-4B83-81DC-5E9570B74C9E} = {3626E86E-732A-4793-81E3-FBA68F3F5DE1}
		{4D817744-FC1E-4A3C-AE9A-986C85EB18F2} = {EE301308-8B88-4E00-903D-6DFE15E768BC}
		{888DADC5-A751-4053-B12D-A2A51BFDA4E0} = {1D9ADEC0-014B-40AB-A241-EF103CC0085C}
		{E017F097-0C9F-4E21-9BDC-DE99BCA546C0} = {C213AF87-19F5-4B83-81DC-5E9570B74C9E}
		{D07E554B-A5EF-483C-A157-CD714BB91973} = {7C0A0782-AC53-44B3-ACD5-88482C3E77DB}
		{C5CCBA62-46AF-4CCE-B029-D418C2AA15D7} = {FD5AD131-D29A-4D55-805B-98074EFC173C}
		{3F68AD57-1867-45CF-ADB2-C6CB8A00ADEE} = {C5CCBA62-46AF-4CCE-B029-D418C2AA15D7}
		{7965C096-D5C1-48DE-A78B-A1B0A96ACFE9} = {C5CCBA62-46AF-4CCE-B029-D418C2AA15D7}
		{D0488E60-C1D0-4AA5-90C0-FB2A4D16DAC6} = {C5CCBA62-46AF-4CCE-B029-D418C2AA15D7}
		{1DFE9F02-8923-4EF1-BDC7-C3B88D10748F} = {C5CCBA62-46AF-4CCE-B029-D418C2AA15D7}
		{117D78B7-4934-445F-8AE8-FD8CEDF8CA10} = {3F68AD57-1867-45CF-ADB2-C6CB8A00ADEE}
		{230431FB-E7C0-46D1-A2D1-B9D301C18263} = {7965C096-D5C1-48DE-A78B-A1B0A96ACFE9}
		{77DD479A-026E-4C72-B2FA-E9D9077ECF23} = {1DFE9F02-8923-4EF1-BDC7-C3B88D10748F}
		{3361EFE6-0A1A-4849-A022-3E37D81F604D} = {D0488E60-C1D0-4AA5-90C0-FB2A4D16DAC6}
	EndGlobalSection
	GlobalSection(ExtensibilityGlobals) = postSolution
		SolutionGuid = {60A75D8B-1F06-4F20-925D-7C357F7D0866}
	EndGlobalSection
EndGlobal
